
Microsoft Visual Studio Solution File, Format Version 12.00
# Visual Studio Version 17
VisualStudioVersion = 17.14.36414.22 d17.14
MinimumVisualStudioVersion = 10.0.40219.1
Project("{FAE04EC0-301F-11D3-BF4B-00C04F79EFBC}") = "UnoViewer-Blazor", "UnoViewer-Blazor.csproj", "{781130DE-97F2-4FB4-9576-05FB86E5AD44}"
EndProject
Global
	GlobalSection(SolutionConfigurationPlatforms) = preSolution
		Debug|Any CPU = Debug|Any CPU
		Release|Any CPU = Release|Any CPU
	EndGlobalSection
	GlobalSection(ProjectConfigurationPlatforms) = postSolution
		{781130DE-97F2-4FB4-9576-05FB86E5AD44}.Debug|Any CPU.ActiveCfg = Debug|Any CPU
		{781130DE-97F2-4FB4-9576-05FB86E5AD44}.Debug|Any CPU.Build.0 = Debug|Any CPU
		{781130DE-97F2-4FB4-9576-05FB86E5AD44}.Release|Any CPU.ActiveCfg = Release|Any CPU
		{781130DE-97F2-4FB4-9576-05FB86E5AD44}.Release|Any CPU.Build.0 = Release|Any CPU
	EndGlobalSection
	GlobalSection(SolutionProperties) = preSolution
		HideSolutionNode = FALSE
	EndGlobalSection
	GlobalSection(ExtensibilityGlobals) = postSolution
		SolutionGuid = {B31BC8CD-D1FB-4034-8133-C779E348E3ED}
	EndGlobalSection
EndGlobal
